// !$*UTF8*$!
{
	archiveVersion = 1;
	classes = {
	};
	objectVersion = 46;
	objects = {

/* Begin PBXBuildFile section */
		582352C21A841E2900A03D19 /* GoogleLoginViewController.m in Sources */ = {isa = PBXBuildFile; fileRef = 582352C01A841E2900A03D19 /* GoogleLoginViewController.m */; };
		582352C31A841E2900A03D19 /* GoogleLoginViewController.xib in Resources */ = {isa = PBXBuildFile; fileRef = 582352C11A841E2900A03D19 /* GoogleLoginViewController.xib */; };
		583572071A2B4B7400F6EA17 /* LoginViewController.m in Sources */ = {isa = PBXBuildFile; fileRef = 583572041A2B4B7400F6EA17 /* LoginViewController.m */; };
		5835720B1A2B705100F6EA17 /* BottomNav.m in Sources */ = {isa = PBXBuildFile; fileRef = 5835720A1A2B705100F6EA17 /* BottomNav.m */; };
		5835720E1A2B70C000F6EA17 /* ScrollableHeader.m in Sources */ = {isa = PBXBuildFile; fileRef = 5835720D1A2B70C000F6EA17 /* ScrollableHeader.m */; };
		583572191A2B72BB00F6EA17 /* Tools.m in Sources */ = {isa = PBXBuildFile; fileRef = 583572181A2B72BB00F6EA17 /* Tools.m */; };
		5836A1CD1A55F98300C509F1 /* Loading.m in Sources */ = {isa = PBXBuildFile; fileRef = 5836A1CC1A55F98300C509F1 /* Loading.m */; };
		583C9EBE1A6357FD00C6131C /* SettingsCollectionView.m in Sources */ = {isa = PBXBuildFile; fileRef = 583C9EBD1A6357FD00C6131C /* SettingsCollectionView.m */; };
		583C9EC21A63654500C6131C /* MediaViewController.m in Sources */ = {isa = PBXBuildFile; fileRef = 583C9EC01A63654500C6131C /* MediaViewController.m */; };
		583C9EC31A63654500C6131C /* MediaViewController.xib in Resources */ = {isa = PBXBuildFile; fileRef = 583C9EC11A63654500C6131C /* MediaViewController.xib */; };
		58A004FE1A60DBE300E7BA68 /* CountriesViewController.m in Sources */ = {isa = PBXBuildFile; fileRef = 58A004FC1A60DBE300E7BA68 /* CountriesViewController.m */; };
		58A004FF1A60DBE300E7BA68 /* CountriesViewController.xib in Resources */ = {isa = PBXBuildFile; fileRef = 58A004FD1A60DBE300E7BA68 /* CountriesViewController.xib */; };
		58ACA0021A4EE6B70076D3D8 /* HeaderView.m in Sources */ = {isa = PBXBuildFile; fileRef = 58ACA0001A4EE6B70076D3D8 /* HeaderView.m */; };
		58ACA0031A4EE6B70076D3D8 /* HeaderView.xib in Resources */ = {isa = PBXBuildFile; fileRef = 58ACA0011A4EE6B70076D3D8 /* HeaderView.xib */; };
		58ACA0051A530D5B0076D3D8 /* CreateAccViewController.xib in Resources */ = {isa = PBXBuildFile; fileRef = 58ACA0041A530D5B0076D3D8 /* CreateAccViewController.xib */; };
		BB6EBE4C1A7474AD0066D7D7 /* MediaListViewController.m in Sources */ = {isa = PBXBuildFile; fileRef = BB6EBE4A1A7474AD0066D7D7 /* MediaListViewController.m */; };
		BB6EBE4D1A7474AD0066D7D7 /* MediaListViewController.xib in Resources */ = {isa = PBXBuildFile; fileRef = BB6EBE4B1A7474AD0066D7D7 /* MediaListViewController.xib */; };
		BB6EBE501A75A4BD0066D7D7 /* NewsMediaViewController.m in Sources */ = {isa = PBXBuildFile; fileRef = BB6EBE4F1A75A4BD0066D7D7 /* NewsMediaViewController.m */; };
		BBAE1F1D1A37B51F0008B772 /* ColombioServiceCommunicator.m in Sources */ = {isa = PBXBuildFile; fileRef = BBAE1F1C1A37B51F0008B772 /* ColombioServiceCommunicator.m */; };
		BBAE1F201A37B5A80008B772 /* NSDate+DateHandler.m in Sources */ = {isa = PBXBuildFile; fileRef = BBAE1F1F1A37B5A80008B772 /* NSDate+DateHandler.m */; };
		BBAE1F241A37B68E0008B772 /* ForgotPasswordViewController.m in Sources */ = {isa = PBXBuildFile; fileRef = BBAE1F221A37B68E0008B772 /* ForgotPasswordViewController.m */; };
		BBAE1F251A37B68E0008B772 /* ForgotPasswordViewController.xib in Resources */ = {isa = PBXBuildFile; fileRef = BBAE1F231A37B68E0008B772 /* ForgotPasswordViewController.xib */; };
		BBAE1F291A37B6980008B772 /* CreateAccViewController.m in Sources */ = {isa = PBXBuildFile; fileRef = BBAE1F271A37B6980008B772 /* CreateAccViewController.m */; };
		BBAE1F2D1A37B71B0008B772 /* BackgroundViewController.m in Sources */ = {isa = PBXBuildFile; fileRef = BBAE1F2C1A37B71B0008B772 /* BackgroundViewController.m */; };
		BBAF777B1A50C914004AAAF9 /* ScrollableHeaderView.m in Sources */ = {isa = PBXBuildFile; fileRef = BBAF777A1A50C914004AAAF9 /* ScrollableHeaderView.m */; };
		BBB0BFA91A350F640074B20C /* LoginViewController.xib in Resources */ = {isa = PBXBuildFile; fileRef = BBB0BFA81A350F640074B20C /* LoginViewController.xib */; };
		BBB144841A78E66800980BB4 /* UserInfoUploadViewController.m in Sources */ = {isa = PBXBuildFile; fileRef = BBB144821A78E66800980BB4 /* UserInfoUploadViewController.m */; };
		BBB144851A78E66800980BB4 /* UserInfoUploadViewController.xib in Resources */ = {isa = PBXBuildFile; fileRef = BBB144831A78E66800980BB4 /* UserInfoUploadViewController.xib */; };
		BBB2B12E1A5F37E200F4FD38 /* TabBarViewController.m in Sources */ = {isa = PBXBuildFile; fileRef = BBB2B12C1A5F37E200F4FD38 /* TabBarViewController.m */; };
		BBB2B12F1A5F37E200F4FD38 /* TabBarViewController.xib in Resources */ = {isa = PBXBuildFile; fileRef = BBB2B12D1A5F37E200F4FD38 /* TabBarViewController.xib */; };
		BBB2B1331A5F404E00F4FD38 /* DummyViewController.m in Sources */ = {isa = PBXBuildFile; fileRef = BBB2B1311A5F404E00F4FD38 /* DummyViewController.m */; };
		BBB2B1341A5F404E00F4FD38 /* DummyViewController.xib in Resources */ = {isa = PBXBuildFile; fileRef = BBB2B1321A5F404E00F4FD38 /* DummyViewController.xib */; };
		BBB2B1391A5F534F00F4FD38 /* CreateNewsViewController.m in Sources */ = {isa = PBXBuildFile; fileRef = BBB2B1371A5F534F00F4FD38 /* CreateNewsViewController.m */; };
		BBB2B13A1A5F534F00F4FD38 /* CreateNewsViewController.xib in Resources */ = {isa = PBXBuildFile; fileRef = BBB2B1381A5F534F00F4FD38 /* CreateNewsViewController.xib */; };
		BBB33AC31A27D9EE008D0E26 /* main.m in Sources */ = {isa = PBXBuildFile; fileRef = BBB33AC21A27D9EE008D0E26 /* main.m */; };
		BBB33AC61A27D9EE008D0E26 /* AppDelegate.m in Sources */ = {isa = PBXBuildFile; fileRef = BBB33AC51A27D9EE008D0E26 /* AppDelegate.m */; };
		BBB33ACE1A27D9EE008D0E26 /* Images.xcassets in Resources */ = {isa = PBXBuildFile; fileRef = BBB33ACD1A27D9EE008D0E26 /* Images.xcassets */; };
		BBB33ADD1A27D9EE008D0E26 /* ColombioTests.m in Sources */ = {isa = PBXBuildFile; fileRef = BBB33ADC1A27D9EE008D0E26 /* ColombioTests.m */; };
		BBB33AEB1A27DF6D008D0E26 /* CoreLocation.framework in Frameworks */ = {isa = PBXBuildFile; fileRef = BBB33AE91A27DF6D008D0E26 /* CoreLocation.framework */; };
		BBB33AEC1A27DF6D008D0E26 /* QuartzCore.framework in Frameworks */ = {isa = PBXBuildFile; fileRef = BBB33AEA1A27DF6D008D0E26 /* QuartzCore.framework */; };
		BBB33AEE1A27DF9B008D0E26 /* AssetsLibrary.framework in Frameworks */ = {isa = PBXBuildFile; fileRef = BBB33AED1A27DF9B008D0E26 /* AssetsLibrary.framework */; };
		BBB33AF01A27DFA8008D0E26 /* libz.dylib in Frameworks */ = {isa = PBXBuildFile; fileRef = BBB33AEF1A27DFA8008D0E26 /* libz.dylib */; };
		BBB33AF21A27DFBE008D0E26 /* MobileCoreServices.framework in Frameworks */ = {isa = PBXBuildFile; fileRef = BBB33AF11A27DFBE008D0E26 /* MobileCoreServices.framework */; };
		BBB33AF41A27DFC5008D0E26 /* CoreGraphics.framework in Frameworks */ = {isa = PBXBuildFile; fileRef = BBB33AF31A27DFC5008D0E26 /* CoreGraphics.framework */; };
		BBB33AF61A27DFCE008D0E26 /* SystemConfiguration.framework in Frameworks */ = {isa = PBXBuildFile; fileRef = BBB33AF51A27DFCE008D0E26 /* SystemConfiguration.framework */; };
		BBB33AF81A27DFD9008D0E26 /* CFNetwork.framework in Frameworks */ = {isa = PBXBuildFile; fileRef = BBB33AF71A27DFD8008D0E26 /* CFNetwork.framework */; };
		BBB33AFA1A27DFE0008D0E26 /* Accounts.framework in Frameworks */ = {isa = PBXBuildFile; fileRef = BBB33AF91A27DFE0008D0E26 /* Accounts.framework */; };
		BBB33AFC1A27DFE8008D0E26 /* AdSupport.framework in Frameworks */ = {isa = PBXBuildFile; fileRef = BBB33AFB1A27DFE8008D0E26 /* AdSupport.framework */; };
		BBB33AFE1A27DFF1008D0E26 /* Social.framework in Frameworks */ = {isa = PBXBuildFile; fileRef = BBB33AFD1A27DFF1008D0E26 /* Social.framework */; };
		BBB33B001A27DFF9008D0E26 /* UIKit.framework in Frameworks */ = {isa = PBXBuildFile; fileRef = BBB33AFF1A27DFF9008D0E26 /* UIKit.framework */; };
		BBB33B021A27E007008D0E26 /* Foundation.framework in Frameworks */ = {isa = PBXBuildFile; fileRef = BBB33B011A27E007008D0E26 /* Foundation.framework */; };
		BBB33B091A27E1AF008D0E26 /* MapKit.framework in Frameworks */ = {isa = PBXBuildFile; fileRef = BBB33AE61A27DF0A008D0E26 /* MapKit.framework */; };
		BBB56D451A71BE1F004D3B9A /* CLTextView.m in Sources */ = {isa = PBXBuildFile; fileRef = BBB56D441A71BE1F004D3B9A /* CLTextView.m */; };
		BBB604B21A7AF4310090F18A /* UITextField+XibAttributes.m in Sources */ = {isa = PBXBuildFile; fileRef = BBB604B11A7AF4310090F18A /* UITextField+XibAttributes.m */; };
		BBB604B71A7EFFB90090F18A /* UploadNewsViewController.m in Sources */ = {isa = PBXBuildFile; fileRef = BBB604B51A7EFFB90090F18A /* UploadNewsViewController.m */; };
		BBB604B81A7EFFB90090F18A /* UploadNewsViewController.xib in Resources */ = {isa = PBXBuildFile; fileRef = BBB604B61A7EFFB90090F18A /* UploadNewsViewController.xib */; };
		BBB6A0561A40E7D1006F61B3 /* VSSwitchButton.m in Sources */ = {isa = PBXBuildFile; fileRef = BBB6A0551A40E7D1006F61B3 /* VSSwitchButton.m */; };
		BBB6A05B1A44D6B5006F61B3 /* CLTextField.m in Sources */ = {isa = PBXBuildFile; fileRef = BBB6A05A1A44D6B5006F61B3 /* CLTextField.m */; };
		BBB6A05F1A44FB2D006F61B3 /* UIConfiguration.m in Sources */ = {isa = PBXBuildFile; fileRef = BBB6A05E1A44FB2D006F61B3 /* UIConfiguration.m */; };
		BBB6A0631A48D791006F61B3 /* StartViewController.m in Sources */ = {isa = PBXBuildFile; fileRef = BBB6A0611A48D791006F61B3 /* StartViewController.m */; };
		BBB6A0641A48D791006F61B3 /* StartViewController.xib in Resources */ = {isa = PBXBuildFile; fileRef = BBB6A0621A48D791006F61B3 /* StartViewController.xib */; };
		BBB79D1C1A5CABF8001A876A /* HomeViewController.m in Sources */ = {isa = PBXBuildFile; fileRef = BBB79D1A1A5CABF8001A876A /* HomeViewController.m */; };
		BBB79D1D1A5CABF8001A876A /* HomeViewController.xib in Resources */ = {isa = PBXBuildFile; fileRef = BBB79D1B1A5CABF8001A876A /* HomeViewController.xib */; };
		BBB79D201A5CB3DD001A876A /* FacebookSDK.framework in Frameworks */ = {isa = PBXBuildFile; fileRef = BBB79D1E1A5CB3DD001A876A /* FacebookSDK.framework */; };
		BBB79D211A5CB3DD001A876A /* FBUserSettingsViewResources.bundle in Frameworks */ = {isa = PBXBuildFile; fileRef = BBB79D1F1A5CB3DD001A876A /* FBUserSettingsViewResources.bundle */; };
		BBB7F32D1A60A6C20014909B /* ScrollableHeaderContentView.m in Sources */ = {isa = PBXBuildFile; fileRef = BBB7F32C1A60A6C20014909B /* ScrollableHeaderContentView.m */; };
		BBB7F32F1A60A6D30014909B /* ScrollableHeaderContentView.xib in Resources */ = {isa = PBXBuildFile; fileRef = BBB7F32E1A60A6D30014909B /* ScrollableHeaderContentView.xib */; };
		BBB7F3321A60B60E0014909B /* CustomHeaderView.m in Sources */ = {isa = PBXBuildFile; fileRef = BBB7F3311A60B60E0014909B /* CustomHeaderView.m */; };
		BBB7F33A1A6209560014909B /* NewsData.m in Sources */ = {isa = PBXBuildFile; fileRef = BBB7F3391A6209560014909B /* NewsData.m */; };
		BBBA31CF1A70772E002ED12A /* ButtonTag.m in Sources */ = {isa = PBXBuildFile; fileRef = BBBA31CE1A70772E002ED12A /* ButtonTag.m */; };
		BBBE0C561A6DB37C00EF5124 /* UploadContainerViewController.m in Sources */ = {isa = PBXBuildFile; fileRef = BBBE0C551A6DB37C00EF5124 /* UploadContainerViewController.m */; };
		BBC77C691A6889610069FD9D /* PhotoLibraryViewController.m in Sources */ = {isa = PBXBuildFile; fileRef = BBC77C671A6889610069FD9D /* PhotoLibraryViewController.m */; };
		BBC77C6A1A6889610069FD9D /* PhotoLibraryViewController.xib in Resources */ = {isa = PBXBuildFile; fileRef = BBC77C681A6889610069FD9D /* PhotoLibraryViewController.xib */; };
		BBCF58911A2938B400CE64B4 /* CountriesCell.m in Sources */ = {isa = PBXBuildFile; fileRef = BBCF588E1A2938B400CE64B4 /* CountriesCell.m */; };
		BBCF58921A2938B400CE64B4 /* CustomField.m in Sources */ = {isa = PBXBuildFile; fileRef = BBCF58901A2938B400CE64B4 /* CustomField.m */; };
		BBCF589F1A29395400CE64B4 /* CryptoClass.m in Sources */ = {isa = PBXBuildFile; fileRef = BBCF58951A29395400CE64B4 /* CryptoClass.m */; };
		BBCF58A01A29395400CE64B4 /* Messages.m in Sources */ = {isa = PBXBuildFile; fileRef = BBCF58971A29395400CE64B4 /* Messages.m */; };
		BBCF58A11A29395400CE64B4 /* Reachability.m in Sources */ = {isa = PBXBuildFile; fileRef = BBCF589A1A29395400CE64B4 /* Reachability.m */; settings = {COMPILER_FLAGS = "-fno-objc-arc"; }; };
		BBCF58A21A29395400CE64B4 /* Validation.m in Sources */ = {isa = PBXBuildFile; fileRef = BBCF589C1A29395400CE64B4 /* Validation.m */; };
		BBCF58A31A29395400CE64B4 /* YourInfo.m in Sources */ = {isa = PBXBuildFile; fileRef = BBCF589E1A29395400CE64B4 /* YourInfo.m */; };
		BBCF58DC1A293DD200CE64B4 /* Database.m in Sources */ = {isa = PBXBuildFile; fileRef = BBCF58DB1A293DD200CE64B4 /* Database.m */; };
		BBCF58E61A293F6700CE64B4 /* Localizable.strings in Resources */ = {isa = PBXBuildFile; fileRef = BBCF58E81A293F6700CE64B4 /* Localizable.strings */; };
		BBCF58ED1A29401700CE64B4 /* Localized.m in Sources */ = {isa = PBXBuildFile; fileRef = BBCF58EC1A29401700CE64B4 /* Localized.m */; };
		BBCF58EF1A29412100CE64B4 /* libsqlite3.dylib in Frameworks */ = {isa = PBXBuildFile; fileRef = BBCF58EE1A29412100CE64B4 /* libsqlite3.dylib */; };
		BBCF58F51A2AA47F00CE64B4 /* UIView+XibAttributes.m in Sources */ = {isa = PBXBuildFile; fileRef = BBCF58F41A2AA47F00CE64B4 /* UIView+XibAttributes.m */; };
		BBD071571A69C79800C3E84E /* LibraryCell.m in Sources */ = {isa = PBXBuildFile; fileRef = BBD071561A69C79800C3E84E /* LibraryCell.m */; };
		BBD453611A64914A0029CADD /* ContainerViewController.m in Sources */ = {isa = PBXBuildFile; fileRef = BBD4535F1A64914A0029CADD /* ContainerViewController.m */; };
		BBD453621A64914A0029CADD /* ContainerViewController.xib in Resources */ = {isa = PBXBuildFile; fileRef = BBD453601A64914A0029CADD /* ContainerViewController.xib */; };
/* End PBXBuildFile section */

/* Begin PBXContainerItemProxy section */
		BBB33AD71A27D9EE008D0E26 /* PBXContainerItemProxy */ = {
			isa = PBXContainerItemProxy;
			containerPortal = BBB33AB51A27D9EE008D0E26 /* Project object */;
			proxyType = 1;
			remoteGlobalIDString = BBB33ABC1A27D9EE008D0E26;
			remoteInfo = Colombio;
		};
/* End PBXContainerItemProxy section */

/* Begin PBXFileReference section */
		582352BF1A841E2900A03D19 /* GoogleLoginViewController.h */ = {isa = PBXFileReference; fileEncoding = 4; lastKnownFileType = sourcecode.c.h; path = GoogleLoginViewController.h; sourceTree = "<group>"; };
		582352C01A841E2900A03D19 /* GoogleLoginViewController.m */ = {isa = PBXFileReference; fileEncoding = 4; lastKnownFileType = sourcecode.c.objc; path = GoogleLoginViewController.m; sourceTree = "<group>"; };
		582352C11A841E2900A03D19 /* GoogleLoginViewController.xib */ = {isa = PBXFileReference; fileEncoding = 4; lastKnownFileType = file.xib; path = GoogleLoginViewController.xib; sourceTree = "<group>"; };
		583572031A2B4B7400F6EA17 /* LoginViewController.h */ = {isa = PBXFileReference; fileEncoding = 4; lastKnownFileType = sourcecode.c.h; path = LoginViewController.h; sourceTree = "<group>"; };
		583572041A2B4B7400F6EA17 /* LoginViewController.m */ = {isa = PBXFileReference; fileEncoding = 4; lastKnownFileType = sourcecode.c.objc; path = LoginViewController.m; sourceTree = "<group>"; };
		583572091A2B705100F6EA17 /* BottomNav.h */ = {isa = PBXFileReference; fileEncoding = 4; lastKnownFileType = sourcecode.c.h; path = "\bBottomNav.h"; sourceTree = "<group>"; };
		5835720A1A2B705100F6EA17 /* BottomNav.m */ = {isa = PBXFileReference; fileEncoding = 4; lastKnownFileType = sourcecode.c.objc; path = "\bBottomNav.m"; sourceTree = "<group>"; };
		5835720C1A2B70C000F6EA17 /* ScrollableHeader.h */ = {isa = PBXFileReference; fileEncoding = 4; lastKnownFileType = sourcecode.c.h; path = ScrollableHeader.h; sourceTree = "<group>"; };
		5835720D1A2B70C000F6EA17 /* ScrollableHeader.m */ = {isa = PBXFileReference; fileEncoding = 4; lastKnownFileType = sourcecode.c.objc; path = ScrollableHeader.m; sourceTree = "<group>"; };
		583572171A2B72BB00F6EA17 /* Tools.h */ = {isa = PBXFileReference; fileEncoding = 4; lastKnownFileType = sourcecode.c.h; path = Tools.h; sourceTree = "<group>"; };
		583572181A2B72BB00F6EA17 /* Tools.m */ = {isa = PBXFileReference; fileEncoding = 4; lastKnownFileType = sourcecode.c.objc; path = Tools.m; sourceTree = "<group>"; };
		5836A1CB1A55F98300C509F1 /* Loading.h */ = {isa = PBXFileReference; fileEncoding = 4; lastKnownFileType = sourcecode.c.h; path = Loading.h; sourceTree = "<group>"; };
		5836A1CC1A55F98300C509F1 /* Loading.m */ = {isa = PBXFileReference; fileEncoding = 4; lastKnownFileType = sourcecode.c.objc; path = Loading.m; sourceTree = "<group>"; };
		583C9EBC1A6357FD00C6131C /* SettingsCollectionView.h */ = {isa = PBXFileReference; fileEncoding = 4; lastKnownFileType = sourcecode.c.h; path = SettingsCollectionView.h; sourceTree = "<group>"; };
		583C9EBD1A6357FD00C6131C /* SettingsCollectionView.m */ = {isa = PBXFileReference; fileEncoding = 4; lastKnownFileType = sourcecode.c.objc; path = SettingsCollectionView.m; sourceTree = "<group>"; };
		583C9EBF1A63654500C6131C /* MediaViewController.h */ = {isa = PBXFileReference; fileEncoding = 4; lastKnownFileType = sourcecode.c.h; path = MediaViewController.h; sourceTree = "<group>"; };
		583C9EC01A63654500C6131C /* MediaViewController.m */ = {isa = PBXFileReference; fileEncoding = 4; lastKnownFileType = sourcecode.c.objc; path = MediaViewController.m; sourceTree = "<group>"; };
		583C9EC11A63654500C6131C /* MediaViewController.xib */ = {isa = PBXFileReference; fileEncoding = 4; lastKnownFileType = file.xib; path = MediaViewController.xib; sourceTree = "<group>"; };
		58A004FB1A60DBE300E7BA68 /* CountriesViewController.h */ = {isa = PBXFileReference; fileEncoding = 4; lastKnownFileType = sourcecode.c.h; path = CountriesViewController.h; sourceTree = "<group>"; };
		58A004FC1A60DBE300E7BA68 /* CountriesViewController.m */ = {isa = PBXFileReference; fileEncoding = 4; lastKnownFileType = sourcecode.c.objc; path = CountriesViewController.m; sourceTree = "<group>"; };
		58A004FD1A60DBE300E7BA68 /* CountriesViewController.xib */ = {isa = PBXFileReference; fileEncoding = 4; lastKnownFileType = file.xib; path = CountriesViewController.xib; sourceTree = "<group>"; };
		58AC9FFF1A4EE6B70076D3D8 /* HeaderView.h */ = {isa = PBXFileReference; fileEncoding = 4; lastKnownFileType = sourcecode.c.h; path = HeaderView.h; sourceTree = "<group>"; };
		58ACA0001A4EE6B70076D3D8 /* HeaderView.m */ = {isa = PBXFileReference; fileEncoding = 4; lastKnownFileType = sourcecode.c.objc; path = HeaderView.m; sourceTree = "<group>"; };
		58ACA0011A4EE6B70076D3D8 /* HeaderView.xib */ = {isa = PBXFileReference; fileEncoding = 4; lastKnownFileType = file.xib; path = HeaderView.xib; sourceTree = "<group>"; };
		58ACA0041A530D5B0076D3D8 /* CreateAccViewController.xib */ = {isa = PBXFileReference; fileEncoding = 4; lastKnownFileType = file.xib; path = CreateAccViewController.xib; sourceTree = "<group>"; };
		BB6EBE491A7474AD0066D7D7 /* MediaListViewController.h */ = {isa = PBXFileReference; fileEncoding = 4; lastKnownFileType = sourcecode.c.h; path = MediaListViewController.h; sourceTree = "<group>"; };
		BB6EBE4A1A7474AD0066D7D7 /* MediaListViewController.m */ = {isa = PBXFileReference; fileEncoding = 4; lastKnownFileType = sourcecode.c.objc; path = MediaListViewController.m; sourceTree = "<group>"; };
		BB6EBE4B1A7474AD0066D7D7 /* MediaListViewController.xib */ = {isa = PBXFileReference; fileEncoding = 4; lastKnownFileType = file.xib; path = MediaListViewController.xib; sourceTree = "<group>"; };
		BB6EBE4E1A75A4BD0066D7D7 /* NewsMediaViewController.h */ = {isa = PBXFileReference; fileEncoding = 4; lastKnownFileType = sourcecode.c.h; path = NewsMediaViewController.h; sourceTree = "<group>"; };
		BB6EBE4F1A75A4BD0066D7D7 /* NewsMediaViewController.m */ = {isa = PBXFileReference; fileEncoding = 4; lastKnownFileType = sourcecode.c.objc; path = NewsMediaViewController.m; sourceTree = "<group>"; };
		BBAE1F161A37B3850008B772 /* UIView+InlineFunctions.h */ = {isa = PBXFileReference; fileEncoding = 4; lastKnownFileType = sourcecode.c.h; path = "UIView+InlineFunctions.h"; sourceTree = "<group>"; };
		BBAE1F1B1A37B51E0008B772 /* ColombioServiceCommunicator.h */ = {isa = PBXFileReference; fileEncoding = 4; lastKnownFileType = sourcecode.c.h; path = ColombioServiceCommunicator.h; sourceTree = "<group>"; };
		BBAE1F1C1A37B51F0008B772 /* ColombioServiceCommunicator.m */ = {isa = PBXFileReference; fileEncoding = 4; lastKnownFileType = sourcecode.c.objc; path = ColombioServiceCommunicator.m; sourceTree = "<group>"; };
		BBAE1F1E1A37B5A80008B772 /* NSDate+DateHandler.h */ = {isa = PBXFileReference; fileEncoding = 4; lastKnownFileType = sourcecode.c.h; path = "NSDate+DateHandler.h"; sourceTree = "<group>"; };
		BBAE1F1F1A37B5A80008B772 /* NSDate+DateHandler.m */ = {isa = PBXFileReference; fileEncoding = 4; lastKnownFileType = sourcecode.c.objc; path = "NSDate+DateHandler.m"; sourceTree = "<group>"; };
		BBAE1F211A37B68E0008B772 /* ForgotPasswordViewController.h */ = {isa = PBXFileReference; fileEncoding = 4; lastKnownFileType = sourcecode.c.h; path = ForgotPasswordViewController.h; sourceTree = "<group>"; };
		BBAE1F221A37B68E0008B772 /* ForgotPasswordViewController.m */ = {isa = PBXFileReference; fileEncoding = 4; lastKnownFileType = sourcecode.c.objc; path = ForgotPasswordViewController.m; sourceTree = "<group>"; };
		BBAE1F231A37B68E0008B772 /* ForgotPasswordViewController.xib */ = {isa = PBXFileReference; fileEncoding = 4; lastKnownFileType = file.xib; path = ForgotPasswordViewController.xib; sourceTree = "<group>"; };
		BBAE1F261A37B6980008B772 /* CreateAccViewController.h */ = {isa = PBXFileReference; fileEncoding = 4; lastKnownFileType = sourcecode.c.h; path = CreateAccViewController.h; sourceTree = "<group>"; };
		BBAE1F271A37B6980008B772 /* CreateAccViewController.m */ = {isa = PBXFileReference; fileEncoding = 4; lastKnownFileType = sourcecode.c.objc; path = CreateAccViewController.m; sourceTree = "<group>"; };
		BBAE1F2B1A37B71B0008B772 /* BackgroundViewController.h */ = {isa = PBXFileReference; fileEncoding = 4; lastKnownFileType = sourcecode.c.h; path = BackgroundViewController.h; sourceTree = "<group>"; };
		BBAE1F2C1A37B71B0008B772 /* BackgroundViewController.m */ = {isa = PBXFileReference; fileEncoding = 4; lastKnownFileType = sourcecode.c.objc; path = BackgroundViewController.m; sourceTree = "<group>"; };
		BBAF77791A50C914004AAAF9 /* ScrollableHeaderView.h */ = {isa = PBXFileReference; fileEncoding = 4; lastKnownFileType = sourcecode.c.h; path = ScrollableHeaderView.h; sourceTree = "<group>"; };
		BBAF777A1A50C914004AAAF9 /* ScrollableHeaderView.m */ = {isa = PBXFileReference; fileEncoding = 4; lastKnownFileType = sourcecode.c.objc; path = ScrollableHeaderView.m; sourceTree = "<group>"; };
		BBB0BFA81A350F640074B20C /* LoginViewController.xib */ = {isa = PBXFileReference; fileEncoding = 4; lastKnownFileType = file.xib; path = LoginViewController.xib; sourceTree = "<group>"; };
		BBB144811A78E66800980BB4 /* UserInfoUploadViewController.h */ = {isa = PBXFileReference; fileEncoding = 4; lastKnownFileType = sourcecode.c.h; path = UserInfoUploadViewController.h; sourceTree = "<group>"; };
		BBB144821A78E66800980BB4 /* UserInfoUploadViewController.m */ = {isa = PBXFileReference; fileEncoding = 4; lastKnownFileType = sourcecode.c.objc; path = UserInfoUploadViewController.m; sourceTree = "<group>"; };
		BBB144831A78E66800980BB4 /* UserInfoUploadViewController.xib */ = {isa = PBXFileReference; fileEncoding = 4; lastKnownFileType = file.xib; path = UserInfoUploadViewController.xib; sourceTree = "<group>"; };
		BBB2B12B1A5F37E200F4FD38 /* TabBarViewController.h */ = {isa = PBXFileReference; fileEncoding = 4; lastKnownFileType = sourcecode.c.h; path = TabBarViewController.h; sourceTree = "<group>"; };
		BBB2B12C1A5F37E200F4FD38 /* TabBarViewController.m */ = {isa = PBXFileReference; fileEncoding = 4; lastKnownFileType = sourcecode.c.objc; path = TabBarViewController.m; sourceTree = "<group>"; };
		BBB2B12D1A5F37E200F4FD38 /* TabBarViewController.xib */ = {isa = PBXFileReference; fileEncoding = 4; lastKnownFileType = file.xib; path = TabBarViewController.xib; sourceTree = "<group>"; };
		BBB2B1301A5F404E00F4FD38 /* DummyViewController.h */ = {isa = PBXFileReference; fileEncoding = 4; lastKnownFileType = sourcecode.c.h; path = DummyViewController.h; sourceTree = "<group>"; };
		BBB2B1311A5F404E00F4FD38 /* DummyViewController.m */ = {isa = PBXFileReference; fileEncoding = 4; lastKnownFileType = sourcecode.c.objc; path = DummyViewController.m; sourceTree = "<group>"; };
		BBB2B1321A5F404E00F4FD38 /* DummyViewController.xib */ = {isa = PBXFileReference; fileEncoding = 4; lastKnownFileType = file.xib; path = DummyViewController.xib; sourceTree = "<group>"; };
		BBB2B1361A5F534F00F4FD38 /* CreateNewsViewController.h */ = {isa = PBXFileReference; fileEncoding = 4; lastKnownFileType = sourcecode.c.h; path = CreateNewsViewController.h; sourceTree = "<group>"; };
		BBB2B1371A5F534F00F4FD38 /* CreateNewsViewController.m */ = {isa = PBXFileReference; fileEncoding = 4; lastKnownFileType = sourcecode.c.objc; path = CreateNewsViewController.m; sourceTree = "<group>"; };
		BBB2B1381A5F534F00F4FD38 /* CreateNewsViewController.xib */ = {isa = PBXFileReference; fileEncoding = 4; lastKnownFileType = file.xib; path = CreateNewsViewController.xib; sourceTree = "<group>"; };
		BBB33ABD1A27D9EE008D0E26 /* Colombio.app */ = {isa = PBXFileReference; explicitFileType = wrapper.application; includeInIndex = 0; path = Colombio.app; sourceTree = BUILT_PRODUCTS_DIR; };
		BBB33AC11A27D9EE008D0E26 /* Colombio-Info.plist */ = {isa = PBXFileReference; lastKnownFileType = text.plist.xml; path = "Colombio-Info.plist"; sourceTree = "<group>"; };
		BBB33AC21A27D9EE008D0E26 /* main.m */ = {isa = PBXFileReference; lastKnownFileType = sourcecode.c.objc; path = main.m; sourceTree = "<group>"; };
		BBB33AC41A27D9EE008D0E26 /* AppDelegate.h */ = {isa = PBXFileReference; lastKnownFileType = sourcecode.c.h; path = AppDelegate.h; sourceTree = "<group>"; };
		BBB33AC51A27D9EE008D0E26 /* AppDelegate.m */ = {isa = PBXFileReference; lastKnownFileType = sourcecode.c.objc; path = AppDelegate.m; sourceTree = "<group>"; };
		BBB33ACD1A27D9EE008D0E26 /* Images.xcassets */ = {isa = PBXFileReference; lastKnownFileType = folder.assetcatalog; path = Images.xcassets; sourceTree = "<group>"; };
		BBB33AD61A27D9EE008D0E26 /* ColombioTests.xctest */ = {isa = PBXFileReference; explicitFileType = wrapper.cfbundle; includeInIndex = 0; path = ColombioTests.xctest; sourceTree = BUILT_PRODUCTS_DIR; };
		BBB33ADB1A27D9EE008D0E26 /* Info.plist */ = {isa = PBXFileReference; lastKnownFileType = text.plist.xml; path = Info.plist; sourceTree = "<group>"; };
		BBB33ADC1A27D9EE008D0E26 /* ColombioTests.m */ = {isa = PBXFileReference; lastKnownFileType = sourcecode.c.objc; path = ColombioTests.m; sourceTree = "<group>"; };
		BBB33AE61A27DF0A008D0E26 /* MapKit.framework */ = {isa = PBXFileReference; lastKnownFileType = wrapper.framework; name = MapKit.framework; path = System/Library/Frameworks/MapKit.framework; sourceTree = SDKROOT; };
		BBB33AE91A27DF6D008D0E26 /* CoreLocation.framework */ = {isa = PBXFileReference; lastKnownFileType = wrapper.framework; name = CoreLocation.framework; path = System/Library/Frameworks/CoreLocation.framework; sourceTree = SDKROOT; };
		BBB33AEA1A27DF6D008D0E26 /* QuartzCore.framework */ = {isa = PBXFileReference; lastKnownFileType = wrapper.framework; name = QuartzCore.framework; path = System/Library/Frameworks/QuartzCore.framework; sourceTree = SDKROOT; };
		BBB33AED1A27DF9B008D0E26 /* AssetsLibrary.framework */ = {isa = PBXFileReference; lastKnownFileType = wrapper.framework; name = AssetsLibrary.framework; path = System/Library/Frameworks/AssetsLibrary.framework; sourceTree = SDKROOT; };
		BBB33AEF1A27DFA8008D0E26 /* libz.dylib */ = {isa = PBXFileReference; lastKnownFileType = "compiled.mach-o.dylib"; name = libz.dylib; path = usr/lib/libz.dylib; sourceTree = SDKROOT; };
		BBB33AF11A27DFBE008D0E26 /* MobileCoreServices.framework */ = {isa = PBXFileReference; lastKnownFileType = wrapper.framework; name = MobileCoreServices.framework; path = System/Library/Frameworks/MobileCoreServices.framework; sourceTree = SDKROOT; };
		BBB33AF31A27DFC5008D0E26 /* CoreGraphics.framework */ = {isa = PBXFileReference; lastKnownFileType = wrapper.framework; name = CoreGraphics.framework; path = System/Library/Frameworks/CoreGraphics.framework; sourceTree = SDKROOT; };
		BBB33AF51A27DFCE008D0E26 /* SystemConfiguration.framework */ = {isa = PBXFileReference; lastKnownFileType = wrapper.framework; name = SystemConfiguration.framework; path = System/Library/Frameworks/SystemConfiguration.framework; sourceTree = SDKROOT; };
		BBB33AF71A27DFD8008D0E26 /* CFNetwork.framework */ = {isa = PBXFileReference; lastKnownFileType = wrapper.framework; name = CFNetwork.framework; path = System/Library/Frameworks/CFNetwork.framework; sourceTree = SDKROOT; };
		BBB33AF91A27DFE0008D0E26 /* Accounts.framework */ = {isa = PBXFileReference; lastKnownFileType = wrapper.framework; name = Accounts.framework; path = System/Library/Frameworks/Accounts.framework; sourceTree = SDKROOT; };
		BBB33AFB1A27DFE8008D0E26 /* AdSupport.framework */ = {isa = PBXFileReference; lastKnownFileType = wrapper.framework; name = AdSupport.framework; path = System/Library/Frameworks/AdSupport.framework; sourceTree = SDKROOT; };
		BBB33AFD1A27DFF1008D0E26 /* Social.framework */ = {isa = PBXFileReference; lastKnownFileType = wrapper.framework; name = Social.framework; path = System/Library/Frameworks/Social.framework; sourceTree = SDKROOT; };
		BBB33AFF1A27DFF9008D0E26 /* UIKit.framework */ = {isa = PBXFileReference; lastKnownFileType = wrapper.framework; name = UIKit.framework; path = System/Library/Frameworks/UIKit.framework; sourceTree = SDKROOT; };
		BBB33B011A27E007008D0E26 /* Foundation.framework */ = {isa = PBXFileReference; lastKnownFileType = wrapper.framework; name = Foundation.framework; path = System/Library/Frameworks/Foundation.framework; sourceTree = SDKROOT; };
		BBB56D431A71BE1F004D3B9A /* CLTextView.h */ = {isa = PBXFileReference; fileEncoding = 4; lastKnownFileType = sourcecode.c.h; path = CLTextView.h; sourceTree = "<group>"; };
		BBB56D441A71BE1F004D3B9A /* CLTextView.m */ = {isa = PBXFileReference; fileEncoding = 4; lastKnownFileType = sourcecode.c.objc; path = CLTextView.m; sourceTree = "<group>"; };
		BBB604B01A7AF4310090F18A /* UITextField+XibAttributes.h */ = {isa = PBXFileReference; fileEncoding = 4; lastKnownFileType = sourcecode.c.h; path = "UITextField+XibAttributes.h"; sourceTree = "<group>"; };
		BBB604B11A7AF4310090F18A /* UITextField+XibAttributes.m */ = {isa = PBXFileReference; fileEncoding = 4; lastKnownFileType = sourcecode.c.objc; path = "UITextField+XibAttributes.m"; sourceTree = "<group>"; };
		BBB604B41A7EFFB90090F18A /* UploadNewsViewController.h */ = {isa = PBXFileReference; fileEncoding = 4; lastKnownFileType = sourcecode.c.h; path = UploadNewsViewController.h; sourceTree = "<group>"; };
		BBB604B51A7EFFB90090F18A /* UploadNewsViewController.m */ = {isa = PBXFileReference; fileEncoding = 4; lastKnownFileType = sourcecode.c.objc; path = UploadNewsViewController.m; sourceTree = "<group>"; };
		BBB604B61A7EFFB90090F18A /* UploadNewsViewController.xib */ = {isa = PBXFileReference; fileEncoding = 4; lastKnownFileType = file.xib; path = UploadNewsViewController.xib; sourceTree = "<group>"; };
		BBB6A0541A40E7D1006F61B3 /* VSSwitchButton.h */ = {isa = PBXFileReference; fileEncoding = 4; lastKnownFileType = sourcecode.c.h; path = VSSwitchButton.h; sourceTree = "<group>"; };
		BBB6A0551A40E7D1006F61B3 /* VSSwitchButton.m */ = {isa = PBXFileReference; fileEncoding = 4; lastKnownFileType = sourcecode.c.objc; path = VSSwitchButton.m; sourceTree = "<group>"; };
		BBB6A0591A44D6B5006F61B3 /* CLTextField.h */ = {isa = PBXFileReference; fileEncoding = 4; lastKnownFileType = sourcecode.c.h; path = CLTextField.h; sourceTree = "<group>"; };
		BBB6A05A1A44D6B5006F61B3 /* CLTextField.m */ = {isa = PBXFileReference; fileEncoding = 4; lastKnownFileType = sourcecode.c.objc; path = CLTextField.m; sourceTree = "<group>"; };
		BBB6A05D1A44FB2D006F61B3 /* UIConfiguration.h */ = {isa = PBXFileReference; fileEncoding = 4; lastKnownFileType = sourcecode.c.h; path = UIConfiguration.h; sourceTree = "<group>"; };
		BBB6A05E1A44FB2D006F61B3 /* UIConfiguration.m */ = {isa = PBXFileReference; fileEncoding = 4; lastKnownFileType = sourcecode.c.objc; path = UIConfiguration.m; sourceTree = "<group>"; };
		BBB6A0601A48D791006F61B3 /* StartViewController.h */ = {isa = PBXFileReference; fileEncoding = 4; lastKnownFileType = sourcecode.c.h; path = StartViewController.h; sourceTree = "<group>"; };
		BBB6A0611A48D791006F61B3 /* StartViewController.m */ = {isa = PBXFileReference; fileEncoding = 4; lastKnownFileType = sourcecode.c.objc; path = StartViewController.m; sourceTree = "<group>"; };
		BBB6A0621A48D791006F61B3 /* StartViewController.xib */ = {isa = PBXFileReference; fileEncoding = 4; lastKnownFileType = file.xib; path = StartViewController.xib; sourceTree = "<group>"; };
		BBB79D191A5CABF8001A876A /* HomeViewController.h */ = {isa = PBXFileReference; fileEncoding = 4; lastKnownFileType = sourcecode.c.h; path = HomeViewController.h; sourceTree = "<group>"; };
		BBB79D1A1A5CABF8001A876A /* HomeViewController.m */ = {isa = PBXFileReference; fileEncoding = 4; lastKnownFileType = sourcecode.c.objc; path = HomeViewController.m; sourceTree = "<group>"; };
		BBB79D1B1A5CABF8001A876A /* HomeViewController.xib */ = {isa = PBXFileReference; fileEncoding = 4; lastKnownFileType = file.xib; path = HomeViewController.xib; sourceTree = "<group>"; };
		BBB79D1E1A5CB3DD001A876A /* FacebookSDK.framework */ = {isa = PBXFileReference; lastKnownFileType = wrapper.framework; path = FacebookSDK.framework; sourceTree = "<group>"; };
		BBB79D1F1A5CB3DD001A876A /* FBUserSettingsViewResources.bundle */ = {isa = PBXFileReference; lastKnownFileType = "wrapper.plug-in"; path = FBUserSettingsViewResources.bundle; sourceTree = "<group>"; };
		BBB7F32B1A60A6C20014909B /* ScrollableHeaderContentView.h */ = {isa = PBXFileReference; fileEncoding = 4; lastKnownFileType = sourcecode.c.h; path = ScrollableHeaderContentView.h; sourceTree = "<group>"; };
		BBB7F32C1A60A6C20014909B /* ScrollableHeaderContentView.m */ = {isa = PBXFileReference; fileEncoding = 4; lastKnownFileType = sourcecode.c.objc; path = ScrollableHeaderContentView.m; sourceTree = "<group>"; };
		BBB7F32E1A60A6D30014909B /* ScrollableHeaderContentView.xib */ = {isa = PBXFileReference; fileEncoding = 4; lastKnownFileType = file.xib; path = ScrollableHeaderContentView.xib; sourceTree = "<group>"; };
		BBB7F3301A60B60E0014909B /* CustomHeaderView.h */ = {isa = PBXFileReference; fileEncoding = 4; lastKnownFileType = sourcecode.c.h; path = CustomHeaderView.h; sourceTree = "<group>"; };
		BBB7F3311A60B60E0014909B /* CustomHeaderView.m */ = {isa = PBXFileReference; fileEncoding = 4; lastKnownFileType = sourcecode.c.objc; path = CustomHeaderView.m; sourceTree = "<group>"; };
		BBB7F3381A6209560014909B /* NewsData.h */ = {isa = PBXFileReference; fileEncoding = 4; lastKnownFileType = sourcecode.c.h; path = NewsData.h; sourceTree = "<group>"; };
		BBB7F3391A6209560014909B /* NewsData.m */ = {isa = PBXFileReference; fileEncoding = 4; lastKnownFileType = sourcecode.c.objc; path = NewsData.m; sourceTree = "<group>"; };
		BBBA31CD1A70772E002ED12A /* ButtonTag.h */ = {isa = PBXFileReference; fileEncoding = 4; lastKnownFileType = sourcecode.c.h; path = ButtonTag.h; sourceTree = "<group>"; };
		BBBA31CE1A70772E002ED12A /* ButtonTag.m */ = {isa = PBXFileReference; fileEncoding = 4; lastKnownFileType = sourcecode.c.objc; path = ButtonTag.m; sourceTree = "<group>"; };
		BBBE0C541A6DB37C00EF5124 /* UploadContainerViewController.h */ = {isa = PBXFileReference; fileEncoding = 4; lastKnownFileType = sourcecode.c.h; path = UploadContainerViewController.h; sourceTree = "<group>"; };
		BBBE0C551A6DB37C00EF5124 /* UploadContainerViewController.m */ = {isa = PBXFileReference; fileEncoding = 4; lastKnownFileType = sourcecode.c.objc; path = UploadContainerViewController.m; sourceTree = "<group>"; };
		BBC77C661A6889610069FD9D /* PhotoLibraryViewController.h */ = {isa = PBXFileReference; fileEncoding = 4; lastKnownFileType = sourcecode.c.h; path = PhotoLibraryViewController.h; sourceTree = "<group>"; };
		BBC77C671A6889610069FD9D /* PhotoLibraryViewController.m */ = {isa = PBXFileReference; fileEncoding = 4; lastKnownFileType = sourcecode.c.objc; path = PhotoLibraryViewController.m; sourceTree = "<group>"; };
		BBC77C681A6889610069FD9D /* PhotoLibraryViewController.xib */ = {isa = PBXFileReference; fileEncoding = 4; lastKnownFileType = file.xib; path = PhotoLibraryViewController.xib; sourceTree = "<group>"; };
		BBCF588D1A2938B400CE64B4 /* CountriesCell.h */ = {isa = PBXFileReference; fileEncoding = 4; lastKnownFileType = sourcecode.c.h; path = CountriesCell.h; sourceTree = "<group>"; };
		BBCF588E1A2938B400CE64B4 /* CountriesCell.m */ = {isa = PBXFileReference; fileEncoding = 4; lastKnownFileType = sourcecode.c.objc; path = CountriesCell.m; sourceTree = "<group>"; };
		BBCF588F1A2938B400CE64B4 /* CustomField.h */ = {isa = PBXFileReference; fileEncoding = 4; lastKnownFileType = sourcecode.c.h; path = CustomField.h; sourceTree = "<group>"; };
		BBCF58901A2938B400CE64B4 /* CustomField.m */ = {isa = PBXFileReference; fileEncoding = 4; lastKnownFileType = sourcecode.c.objc; path = CustomField.m; sourceTree = "<group>"; };
		BBCF58931A29395400CE64B4 /* Constants.h */ = {isa = PBXFileReference; fileEncoding = 4; lastKnownFileType = sourcecode.c.h; path = Constants.h; sourceTree = "<group>"; };
		BBCF58941A29395400CE64B4 /* CryptoClass.h */ = {isa = PBXFileReference; fileEncoding = 4; lastKnownFileType = sourcecode.c.h; path = CryptoClass.h; sourceTree = "<group>"; };
		BBCF58951A29395400CE64B4 /* CryptoClass.m */ = {isa = PBXFileReference; fileEncoding = 4; lastKnownFileType = sourcecode.c.objc; path = CryptoClass.m; sourceTree = "<group>"; };
		BBCF58961A29395400CE64B4 /* Messages.h */ = {isa = PBXFileReference; fileEncoding = 4; lastKnownFileType = sourcecode.c.h; path = Messages.h; sourceTree = "<group>"; };
		BBCF58971A29395400CE64B4 /* Messages.m */ = {isa = PBXFileReference; fileEncoding = 4; lastKnownFileType = sourcecode.c.objc; path = Messages.m; sourceTree = "<group>"; };
		BBCF58991A29395400CE64B4 /* Reachability.h */ = {isa = PBXFileReference; fileEncoding = 4; lastKnownFileType = sourcecode.c.h; path = Reachability.h; sourceTree = "<group>"; };
		BBCF589A1A29395400CE64B4 /* Reachability.m */ = {isa = PBXFileReference; fileEncoding = 4; lastKnownFileType = sourcecode.c.objc; path = Reachability.m; sourceTree = "<group>"; };
		BBCF589B1A29395400CE64B4 /* Validation.h */ = {isa = PBXFileReference; fileEncoding = 4; lastKnownFileType = sourcecode.c.h; path = Validation.h; sourceTree = "<group>"; };
		BBCF589C1A29395400CE64B4 /* Validation.m */ = {isa = PBXFileReference; fileEncoding = 4; lastKnownFileType = sourcecode.c.objc; path = Validation.m; sourceTree = "<group>"; };
		BBCF589D1A29395400CE64B4 /* YourInfo.h */ = {isa = PBXFileReference; fileEncoding = 4; lastKnownFileType = sourcecode.c.h; path = YourInfo.h; sourceTree = "<group>"; };
		BBCF589E1A29395400CE64B4 /* YourInfo.m */ = {isa = PBXFileReference; fileEncoding = 4; lastKnownFileType = sourcecode.c.objc; path = YourInfo.m; sourceTree = "<group>"; };
		BBCF58D81A293C0A00CE64B4 /* colombio-Prefix.pch */ = {isa = PBXFileReference; lastKnownFileType = sourcecode.c.h; path = "colombio-Prefix.pch"; sourceTree = "<group>"; };
		BBCF58DA1A293DD200CE64B4 /* Database.h */ = {isa = PBXFileReference; fileEncoding = 4; lastKnownFileType = sourcecode.c.h; path = Database.h; sourceTree = "<group>"; };
		BBCF58DB1A293DD200CE64B4 /* Database.m */ = {isa = PBXFileReference; fileEncoding = 4; lastKnownFileType = sourcecode.c.objc; path = Database.m; sourceTree = "<group>"; };
		BBCF58E91A293F9500CE64B4 /* en */ = {isa = PBXFileReference; lastKnownFileType = text.plist.strings; name = en; path = en.lproj/Localizable.strings; sourceTree = "<group>"; };
		BBCF58EA1A293FB100CE64B4 /* hr */ = {isa = PBXFileReference; lastKnownFileType = text.plist.strings; name = hr; path = hr.lproj/Localizable.strings; sourceTree = "<group>"; };
		BBCF58EB1A29401700CE64B4 /* Localized.h */ = {isa = PBXFileReference; fileEncoding = 4; lastKnownFileType = sourcecode.c.h; path = Localized.h; sourceTree = "<group>"; };
		BBCF58EC1A29401700CE64B4 /* Localized.m */ = {isa = PBXFileReference; fileEncoding = 4; lastKnownFileType = sourcecode.c.objc; path = Localized.m; sourceTree = "<group>"; };
		BBCF58EE1A29412100CE64B4 /* libsqlite3.dylib */ = {isa = PBXFileReference; lastKnownFileType = "compiled.mach-o.dylib"; name = libsqlite3.dylib; path = usr/lib/libsqlite3.dylib; sourceTree = SDKROOT; };
		BBCF58F31A2AA47F00CE64B4 /* UIView+XibAttributes.h */ = {isa = PBXFileReference; fileEncoding = 4; lastKnownFileType = sourcecode.c.h; path = "UIView+XibAttributes.h"; sourceTree = "<group>"; };
		BBCF58F41A2AA47F00CE64B4 /* UIView+XibAttributes.m */ = {isa = PBXFileReference; fileEncoding = 4; lastKnownFileType = sourcecode.c.objc; path = "UIView+XibAttributes.m"; sourceTree = "<group>"; };
		BBD071551A69C79800C3E84E /* LibraryCell.h */ = {isa = PBXFileReference; fileEncoding = 4; lastKnownFileType = sourcecode.c.h; path = LibraryCell.h; sourceTree = "<group>"; };
		BBD071561A69C79800C3E84E /* LibraryCell.m */ = {isa = PBXFileReference; fileEncoding = 4; lastKnownFileType = sourcecode.c.objc; path = LibraryCell.m; sourceTree = "<group>"; };
		BBD4535E1A64914A0029CADD /* ContainerViewController.h */ = {isa = PBXFileReference; fileEncoding = 4; lastKnownFileType = sourcecode.c.h; path = ContainerViewController.h; sourceTree = "<group>"; };
		BBD4535F1A64914A0029CADD /* ContainerViewController.m */ = {isa = PBXFileReference; fileEncoding = 4; lastKnownFileType = sourcecode.c.objc; path = ContainerViewController.m; sourceTree = "<group>"; };
		BBD453601A64914A0029CADD /* ContainerViewController.xib */ = {isa = PBXFileReference; fileEncoding = 4; lastKnownFileType = file.xib; path = ContainerViewController.xib; sourceTree = "<group>"; };
/* End PBXFileReference section */

/* Begin PBXFrameworksBuildPhase section */
		BBB33ABA1A27D9EE008D0E26 /* Frameworks */ = {
			isa = PBXFrameworksBuildPhase;
			buildActionMask = 2147483647;
			files = (
				BBB79D201A5CB3DD001A876A /* FacebookSDK.framework in Frameworks */,
				BBB79D211A5CB3DD001A876A /* FBUserSettingsViewResources.bundle in Frameworks */,
				BBCF58EF1A29412100CE64B4 /* libsqlite3.dylib in Frameworks */,
				BBB33B091A27E1AF008D0E26 /* MapKit.framework in Frameworks */,
				BBB33B021A27E007008D0E26 /* Foundation.framework in Frameworks */,
				BBB33B001A27DFF9008D0E26 /* UIKit.framework in Frameworks */,
				BBB33AFE1A27DFF1008D0E26 /* Social.framework in Frameworks */,
				BBB33AFC1A27DFE8008D0E26 /* AdSupport.framework in Frameworks */,
				BBB33AFA1A27DFE0008D0E26 /* Accounts.framework in Frameworks */,
				BBB33AF81A27DFD9008D0E26 /* CFNetwork.framework in Frameworks */,
				BBB33AF61A27DFCE008D0E26 /* SystemConfiguration.framework in Frameworks */,
				BBB33AF41A27DFC5008D0E26 /* CoreGraphics.framework in Frameworks */,
				BBB33AF21A27DFBE008D0E26 /* MobileCoreServices.framework in Frameworks */,
				BBB33AF01A27DFA8008D0E26 /* libz.dylib in Frameworks */,
				BBB33AEE1A27DF9B008D0E26 /* AssetsLibrary.framework in Frameworks */,
				BBB33AEB1A27DF6D008D0E26 /* CoreLocation.framework in Frameworks */,
				BBB33AEC1A27DF6D008D0E26 /* QuartzCore.framework in Frameworks */,
			);
			runOnlyForDeploymentPostprocessing = 0;
		};
		BBB33AD31A27D9EE008D0E26 /* Frameworks */ = {
			isa = PBXFrameworksBuildPhase;
			buildActionMask = 2147483647;
			files = (
			);
			runOnlyForDeploymentPostprocessing = 0;
		};
/* End PBXFrameworksBuildPhase section */

/* Begin PBXGroup section */
		583572021A2B4B7400F6EA17 /* Login */ = {
			isa = PBXGroup;
			children = (
				BBAE1F261A37B6980008B772 /* CreateAccViewController.h */,
				BBAE1F271A37B6980008B772 /* CreateAccViewController.m */,
				58ACA0041A530D5B0076D3D8 /* CreateAccViewController.xib */,
				BBAE1F211A37B68E0008B772 /* ForgotPasswordViewController.h */,
				BBAE1F221A37B68E0008B772 /* ForgotPasswordViewController.m */,
				BBAE1F231A37B68E0008B772 /* ForgotPasswordViewController.xib */,
				582352BF1A841E2900A03D19 /* GoogleLoginViewController.h */,
				582352C01A841E2900A03D19 /* GoogleLoginViewController.m */,
				582352C11A841E2900A03D19 /* GoogleLoginViewController.xib */,
				583572031A2B4B7400F6EA17 /* LoginViewController.h */,
				583572041A2B4B7400F6EA17 /* LoginViewController.m */,
				BBB0BFA81A350F640074B20C /* LoginViewController.xib */,
				BBB6A0601A48D791006F61B3 /* StartViewController.h */,
				BBB6A0611A48D791006F61B3 /* StartViewController.m */,
				BBB6A0621A48D791006F61B3 /* StartViewController.xib */,
			);
			path = Login;
			sourceTree = "<group>";
		};
		583572101A2B71B900F6EA17 /* WebService */ = {
			isa = PBXGroup;
			children = (
				BBAE1F1B1A37B51E0008B772 /* ColombioServiceCommunicator.h */,
				BBAE1F1C1A37B51F0008B772 /* ColombioServiceCommunicator.m */,
			);
			path = WebService;
			sourceTree = "<group>";
		};
		58A004FA1A60DBE300E7BA68 /* Settings */ = {
			isa = PBXGroup;
			children = (
				583C9EBF1A63654500C6131C /* MediaViewController.h */,
				583C9EC01A63654500C6131C /* MediaViewController.m */,
				583C9EC11A63654500C6131C /* MediaViewController.xib */,
				58A004FB1A60DBE300E7BA68 /* CountriesViewController.h */,
				58A004FC1A60DBE300E7BA68 /* CountriesViewController.m */,
				58A004FD1A60DBE300E7BA68 /* CountriesViewController.xib */,
				BB6EBE491A7474AD0066D7D7 /* MediaListViewController.h */,
				BB6EBE4A1A7474AD0066D7D7 /* MediaListViewController.m */,
				BB6EBE4B1A7474AD0066D7D7 /* MediaListViewController.xib */,
			);
			path = Settings;
			sourceTree = "<group>";
		};
		BBB2B1351A5F52A500F4FD38 /* Upload */ = {
			isa = PBXGroup;
			children = (
				BBB7F3371A6209560014909B /* Model */,
				BBB2B1361A5F534F00F4FD38 /* CreateNewsViewController.h */,
				BBB2B1371A5F534F00F4FD38 /* CreateNewsViewController.m */,
				BBB2B1381A5F534F00F4FD38 /* CreateNewsViewController.xib */,
				BBC77C661A6889610069FD9D /* PhotoLibraryViewController.h */,
				BBC77C671A6889610069FD9D /* PhotoLibraryViewController.m */,
				BBC77C681A6889610069FD9D /* PhotoLibraryViewController.xib */,
				BBBE0C541A6DB37C00EF5124 /* UploadContainerViewController.h */,
				BBBE0C551A6DB37C00EF5124 /* UploadContainerViewController.m */,
				BB6EBE4E1A75A4BD0066D7D7 /* NewsMediaViewController.h */,
				BB6EBE4F1A75A4BD0066D7D7 /* NewsMediaViewController.m */,
				BBB144811A78E66800980BB4 /* UserInfoUploadViewController.h */,
				BBB144821A78E66800980BB4 /* UserInfoUploadViewController.m */,
				BBB144831A78E66800980BB4 /* UserInfoUploadViewController.xib */,
				BBB604B41A7EFFB90090F18A /* UploadNewsViewController.h */,
				BBB604B51A7EFFB90090F18A /* UploadNewsViewController.m */,
				BBB604B61A7EFFB90090F18A /* UploadNewsViewController.xib */,
			);
			path = Upload;
			sourceTree = "<group>";
		};
		BBB33AB41A27D9EE008D0E26 = {
			isa = PBXGroup;
			children = (
				BBB33ABF1A27D9EE008D0E26 /* Colombio */,
				BBB33AD91A27D9EE008D0E26 /* ColombioTests */,
				BBB33AE81A27DF13008D0E26 /* Frameworks */,
				BBB33ABE1A27D9EE008D0E26 /* Products */,
			);
			sourceTree = "<group>";
		};
		BBB33ABE1A27D9EE008D0E26 /* Products */ = {
			isa = PBXGroup;
			children = (
				BBB33ABD1A27D9EE008D0E26 /* Colombio.app */,
				BBB33AD61A27D9EE008D0E26 /* ColombioTests.xctest */,
			);
			name = Products;
			sourceTree = "<group>";
		};
		BBB33ABF1A27D9EE008D0E26 /* Colombio */ = {
			isa = PBXGroup;
			children = (
				BBCF58811A29357400CE64B4 /* CustomClasses */,
				BBCF58821A29357400CE64B4 /* CustomViews */,
				BBCF58831A29357400CE64B4 /* VIewControllers */,
				BBB33AC41A27D9EE008D0E26 /* AppDelegate.h */,
				BBB33AC51A27D9EE008D0E26 /* AppDelegate.m */,
				BBB33ACD1A27D9EE008D0E26 /* Images.xcassets */,
				BBB33AC01A27D9EE008D0E26 /* Supporting Files */,
			);
			path = Colombio;
			sourceTree = "<group>";
		};
		BBB33AC01A27D9EE008D0E26 /* Supporting Files */ = {
			isa = PBXGroup;
			children = (
				BBB33AC11A27D9EE008D0E26 /* Colombio-Info.plist */,
				BBB33AC21A27D9EE008D0E26 /* main.m */,
				BBCF58D81A293C0A00CE64B4 /* colombio-Prefix.pch */,
				BBCF58E81A293F6700CE64B4 /* Localizable.strings */,
			);
			name = "Supporting Files";
			sourceTree = "<group>";
		};
		BBB33AD91A27D9EE008D0E26 /* ColombioTests */ = {
			isa = PBXGroup;
			children = (
				BBB33ADC1A27D9EE008D0E26 /* ColombioTests.m */,
				BBB33ADA1A27D9EE008D0E26 /* Supporting Files */,
			);
			path = ColombioTests;
			sourceTree = "<group>";
		};
		BBB33ADA1A27D9EE008D0E26 /* Supporting Files */ = {
			isa = PBXGroup;
			children = (
				BBB33ADB1A27D9EE008D0E26 /* Info.plist */,
			);
			name = "Supporting Files";
			sourceTree = "<group>";
		};
		BBB33AE81A27DF13008D0E26 /* Frameworks */ = {
			isa = PBXGroup;
			children = (
				BBB79D1E1A5CB3DD001A876A /* FacebookSDK.framework */,
				BBB79D1F1A5CB3DD001A876A /* FBUserSettingsViewResources.bundle */,
				BBCF58EE1A29412100CE64B4 /* libsqlite3.dylib */,
				BBB33B011A27E007008D0E26 /* Foundation.framework */,
				BBB33AFF1A27DFF9008D0E26 /* UIKit.framework */,
				BBB33AFD1A27DFF1008D0E26 /* Social.framework */,
				BBB33AFB1A27DFE8008D0E26 /* AdSupport.framework */,
				BBB33AF91A27DFE0008D0E26 /* Accounts.framework */,
				BBB33AF71A27DFD8008D0E26 /* CFNetwork.framework */,
				BBB33AF51A27DFCE008D0E26 /* SystemConfiguration.framework */,
				BBB33AF31A27DFC5008D0E26 /* CoreGraphics.framework */,
				BBB33AF11A27DFBE008D0E26 /* MobileCoreServices.framework */,
				BBB33AEF1A27DFA8008D0E26 /* libz.dylib */,
				BBB33AED1A27DF9B008D0E26 /* AssetsLibrary.framework */,
				BBB33AE91A27DF6D008D0E26 /* CoreLocation.framework */,
				BBB33AEA1A27DF6D008D0E26 /* QuartzCore.framework */,
				BBB33AE61A27DF0A008D0E26 /* MapKit.framework */,
			);
			name = Frameworks;
			sourceTree = "<group>";
		};
		BBB6A05C1A44FB1D006F61B3 /* UIConfiguration */ = {
			isa = PBXGroup;
			children = (
				BBB6A05D1A44FB2D006F61B3 /* UIConfiguration.h */,
				BBB6A05E1A44FB2D006F61B3 /* UIConfiguration.m */,
			);
			path = UIConfiguration;
			sourceTree = "<group>";
		};
		BBB7F3371A6209560014909B /* Model */ = {
			isa = PBXGroup;
			children = (
				BBB7F3381A6209560014909B /* NewsData.h */,
				BBB7F3391A6209560014909B /* NewsData.m */,
			);
			path = Model;
			sourceTree = "<group>";
		};
		BBCF58811A29357400CE64B4 /* CustomClasses */ = {
			isa = PBXGroup;
			children = (
				583572101A2B71B900F6EA17 /* WebService */,
				BBCF58F21A2AA3CD00CE64B4 /* Utility */,
				BBCF58931A29395400CE64B4 /* Constants.h */,
				BBCF58D91A293DD200CE64B4 /* Database */,
				BBCF58941A29395400CE64B4 /* CryptoClass.h */,
				BBCF58951A29395400CE64B4 /* CryptoClass.m */,
				BBCF58961A29395400CE64B4 /* Messages.h */,
				BBCF58971A29395400CE64B4 /* Messages.m */,
				BBCF58981A29395400CE64B4 /* Reachability */,
				BBCF589B1A29395400CE64B4 /* Validation.h */,
				BBCF589C1A29395400CE64B4 /* Validation.m */,
				BBCF589D1A29395400CE64B4 /* YourInfo.h */,
				BBCF589E1A29395400CE64B4 /* YourInfo.m */,
				BBCF58EB1A29401700CE64B4 /* Localized.h */,
				BBCF58EC1A29401700CE64B4 /* Localized.m */,
				583572171A2B72BB00F6EA17 /* Tools.h */,
				583572181A2B72BB00F6EA17 /* Tools.m */,
			);
			path = CustomClasses;
			sourceTree = "<group>";
		};
		BBCF58821A29357400CE64B4 /* CustomViews */ = {
			isa = PBXGroup;
			children = (
				583572091A2B705100F6EA17 /* BottomNav.h */,
				5835720A1A2B705100F6EA17 /* BottomNav.m */,
				BBB6A0591A44D6B5006F61B3 /* CLTextField.h */,
				BBB6A05A1A44D6B5006F61B3 /* CLTextField.m */,
				BBCF588D1A2938B400CE64B4 /* CountriesCell.h */,
				BBCF588E1A2938B400CE64B4 /* CountriesCell.m */,
				BBCF588F1A2938B400CE64B4 /* CustomField.h */,
				BBCF58901A2938B400CE64B4 /* CustomField.m */,
				BBB7F3301A60B60E0014909B /* CustomHeaderView.h */,
				BBB7F3311A60B60E0014909B /* CustomHeaderView.m */,
				58AC9FFF1A4EE6B70076D3D8 /* HeaderView.h */,
				58ACA0001A4EE6B70076D3D8 /* HeaderView.m */,
				58ACA0011A4EE6B70076D3D8 /* HeaderView.xib */,
				5836A1CB1A55F98300C509F1 /* Loading.h */,
				5836A1CC1A55F98300C509F1 /* Loading.m */,
				5835720C1A2B70C000F6EA17 /* ScrollableHeader.h */,
				5835720D1A2B70C000F6EA17 /* ScrollableHeader.m */,
				BBB7F32B1A60A6C20014909B /* ScrollableHeaderContentView.h */,
				BBB7F32C1A60A6C20014909B /* ScrollableHeaderContentView.m */,
				BBB7F32E1A60A6D30014909B /* ScrollableHeaderContentView.xib */,
				BBAF77791A50C914004AAAF9 /* ScrollableHeaderView.h */,
				BBAF777A1A50C914004AAAF9 /* ScrollableHeaderView.m */,
				583C9EBC1A6357FD00C6131C /* SettingsCollectionView.h */,
				583C9EBD1A6357FD00C6131C /* SettingsCollectionView.m */,
				BBB6A0541A40E7D1006F61B3 /* VSSwitchButton.h */,
				BBB6A0551A40E7D1006F61B3 /* VSSwitchButton.m */,
				BBD071551A69C79800C3E84E /* LibraryCell.h */,
				BBD071561A69C79800C3E84E /* LibraryCell.m */,
				BBBA31CD1A70772E002ED12A /* ButtonTag.h */,
				BBBA31CE1A70772E002ED12A /* ButtonTag.m */,
				BBB56D431A71BE1F004D3B9A /* CLTextView.h */,
				BBB56D441A71BE1F004D3B9A /* CLTextView.m */,
			);
			path = CustomViews;
			sourceTree = "<group>";
		};
		BBCF58831A29357400CE64B4 /* VIewControllers */ = {
			isa = PBXGroup;
			children = (
				BBD4535D1A64913E0029CADD /* ContainerViewController */,
				58A004FA1A60DBE300E7BA68 /* Settings */,
				BBB2B1351A5F52A500F4FD38 /* Upload */,
				583572021A2B4B7400F6EA17 /* Login */,
				BBAE1F2B1A37B71B0008B772 /* BackgroundViewController.h */,
				BBAE1F2C1A37B71B0008B772 /* BackgroundViewController.m */,
				BBB79D191A5CABF8001A876A /* HomeViewController.h */,
				BBB79D1A1A5CABF8001A876A /* HomeViewController.m */,
				BBB79D1B1A5CABF8001A876A /* HomeViewController.xib */,
				BBB2B12B1A5F37E200F4FD38 /* TabBarViewController.h */,
				BBB2B12C1A5F37E200F4FD38 /* TabBarViewController.m */,
				BBB2B12D1A5F37E200F4FD38 /* TabBarViewController.xib */,
				BBB2B1301A5F404E00F4FD38 /* DummyViewController.h */,
				BBB2B1311A5F404E00F4FD38 /* DummyViewController.m */,
				BBB2B1321A5F404E00F4FD38 /* DummyViewController.xib */,
			);
			path = VIewControllers;
			sourceTree = "<group>";
		};
		BBCF58981A29395400CE64B4 /* Reachability */ = {
			isa = PBXGroup;
			children = (
				BBCF58991A29395400CE64B4 /* Reachability.h */,
				BBCF589A1A29395400CE64B4 /* Reachability.m */,
			);
			path = Reachability;
			sourceTree = "<group>";
		};
		BBCF58D91A293DD200CE64B4 /* Database */ = {
			isa = PBXGroup;
			children = (
				BBCF58DA1A293DD200CE64B4 /* Database.h */,
				BBCF58DB1A293DD200CE64B4 /* Database.m */,
			);
			path = Database;
			sourceTree = "<group>";
		};
		BBCF58F21A2AA3CD00CE64B4 /* Utility */ = {
			isa = PBXGroup;
			children = (
				BBB6A05C1A44FB1D006F61B3 /* UIConfiguration */,
				BBCF58F31A2AA47F00CE64B4 /* UIView+XibAttributes.h */,
				BBCF58F41A2AA47F00CE64B4 /* UIView+XibAttributes.m */,
				BBAE1F161A37B3850008B772 /* UIView+InlineFunctions.h */,
				BBAE1F1E1A37B5A80008B772 /* NSDate+DateHandler.h */,
				BBAE1F1F1A37B5A80008B772 /* NSDate+DateHandler.m */,
				BBB604B01A7AF4310090F18A /* UITextField+XibAttributes.h */,
				BBB604B11A7AF4310090F18A /* UITextField+XibAttributes.m */,
			);
			path = Utility;
			sourceTree = "<group>";
		};
		BBD4535D1A64913E0029CADD /* ContainerViewController */ = {
			isa = PBXGroup;
			children = (
				BBD4535E1A64914A0029CADD /* ContainerViewController.h */,
				BBD4535F1A64914A0029CADD /* ContainerViewController.m */,
				BBD453601A64914A0029CADD /* ContainerViewController.xib */,
			);
			path = ContainerViewController;
			sourceTree = "<group>";
		};
/* End PBXGroup section */

/* Begin PBXNativeTarget section */
		BBB33ABC1A27D9EE008D0E26 /* Colombio */ = {
			isa = PBXNativeTarget;
			buildConfigurationList = BBB33AE01A27D9EE008D0E26 /* Build configuration list for PBXNativeTarget "Colombio" */;
			buildPhases = (
				BBB33AB91A27D9EE008D0E26 /* Sources */,
				BBB33ABA1A27D9EE008D0E26 /* Frameworks */,
				BBB33ABB1A27D9EE008D0E26 /* Resources */,
			);
			buildRules = (
			);
			dependencies = (
			);
			name = Colombio;
			productName = Colombio;
			productReference = BBB33ABD1A27D9EE008D0E26 /* Colombio.app */;
			productType = "com.apple.product-type.application";
		};
		BBB33AD51A27D9EE008D0E26 /* ColombioTests */ = {
			isa = PBXNativeTarget;
			buildConfigurationList = BBB33AE31A27D9EE008D0E26 /* Build configuration list for PBXNativeTarget "ColombioTests" */;
			buildPhases = (
				BBB33AD21A27D9EE008D0E26 /* Sources */,
				BBB33AD31A27D9EE008D0E26 /* Frameworks */,
				BBB33AD41A27D9EE008D0E26 /* Resources */,
			);
			buildRules = (
			);
			dependencies = (
				BBB33AD81A27D9EE008D0E26 /* PBXTargetDependency */,
			);
			name = ColombioTests;
			productName = ColombioTests;
			productReference = BBB33AD61A27D9EE008D0E26 /* ColombioTests.xctest */;
			productType = "com.apple.product-type.bundle.unit-test";
		};
/* End PBXNativeTarget section */

/* Begin PBXProject section */
		BBB33AB51A27D9EE008D0E26 /* Project object */ = {
			isa = PBXProject;
			attributes = {
				LastUpgradeCheck = 0610;
				ORGANIZATIONNAME = Colombio;
				TargetAttributes = {
					BBB33ABC1A27D9EE008D0E26 = {
						CreatedOnToolsVersion = 6.1;
					};
					BBB33AD51A27D9EE008D0E26 = {
						CreatedOnToolsVersion = 6.1;
						TestTargetID = BBB33ABC1A27D9EE008D0E26;
					};
				};
			};
			buildConfigurationList = BBB33AB81A27D9EE008D0E26 /* Build configuration list for PBXProject "Colombio" */;
			compatibilityVersion = "Xcode 3.2";
			developmentRegion = English;
			hasScannedForEncodings = 0;
			knownRegions = (
				Base,
				en,
				hr,
			);
			mainGroup = BBB33AB41A27D9EE008D0E26;
			productRefGroup = BBB33ABE1A27D9EE008D0E26 /* Products */;
			projectDirPath = "";
			projectRoot = "";
			targets = (
				BBB33ABC1A27D9EE008D0E26 /* Colombio */,
				BBB33AD51A27D9EE008D0E26 /* ColombioTests */,
			);
		};
/* End PBXProject section */

/* Begin PBXResourcesBuildPhase section */
		BBB33ABB1A27D9EE008D0E26 /* Resources */ = {
			isa = PBXResourcesBuildPhase;
			buildActionMask = 2147483647;
			files = (
				58ACA0051A530D5B0076D3D8 /* CreateAccViewController.xib in Resources */,
				BB6EBE4D1A7474AD0066D7D7 /* MediaListViewController.xib in Resources */,
				BBB144851A78E66800980BB4 /* UserInfoUploadViewController.xib in Resources */,
				BBB0BFA91A350F640074B20C /* LoginViewController.xib in Resources */,
				BBB33ACE1A27D9EE008D0E26 /* Images.xcassets in Resources */,
				BBCF58E61A293F6700CE64B4 /* Localizable.strings in Resources */,
				BBAE1F251A37B68E0008B772 /* ForgotPasswordViewController.xib in Resources */,
				BBB6A0641A48D791006F61B3 /* StartViewController.xib in Resources */,
				58ACA0031A4EE6B70076D3D8 /* HeaderView.xib in Resources */,
				BBB2B12F1A5F37E200F4FD38 /* TabBarViewController.xib in Resources */,
				BBB79D1D1A5CABF8001A876A /* HomeViewController.xib in Resources */,
				BBB2B13A1A5F534F00F4FD38 /* CreateNewsViewController.xib in Resources */,
				583C9EC31A63654500C6131C /* MediaViewController.xib in Resources */,
				BBB7F32F1A60A6D30014909B /* ScrollableHeaderContentView.xib in Resources */,
				BBB2B1341A5F404E00F4FD38 /* DummyViewController.xib in Resources */,
				BBB604B81A7EFFB90090F18A /* UploadNewsViewController.xib in Resources */,
				BBC77C6A1A6889610069FD9D /* PhotoLibraryViewController.xib in Resources */,
				58A004FF1A60DBE300E7BA68 /* CountriesViewController.xib in Resources */,
				582352C31A841E2900A03D19 /* GoogleLoginViewController.xib in Resources */,
				BBD453621A64914A0029CADD /* ContainerViewController.xib in Resources */,
			);
			runOnlyForDeploymentPostprocessing = 0;
		};
		BBB33AD41A27D9EE008D0E26 /* Resources */ = {
			isa = PBXResourcesBuildPhase;
			buildActionMask = 2147483647;
			files = (
			);
			runOnlyForDeploymentPostprocessing = 0;
		};
/* End PBXResourcesBuildPhase section */

/* Begin PBXSourcesBuildPhase section */
		BBB33AB91A27D9EE008D0E26 /* Sources */ = {
			isa = PBXSourcesBuildPhase;
			buildActionMask = 2147483647;
			files = (
				BBCF58A21A29395400CE64B4 /* Validation.m in Sources */,
				BBAE1F201A37B5A80008B772 /* NSDate+DateHandler.m in Sources */,
				5836A1CD1A55F98300C509F1 /* Loading.m in Sources */,
				BB6EBE4C1A7474AD0066D7D7 /* MediaListViewController.m in Sources */,
				BBB6A05F1A44FB2D006F61B3 /* UIConfiguration.m in Sources */,
				BBB6A0561A40E7D1006F61B3 /* VSSwitchButton.m in Sources */,
				BBB2B1391A5F534F00F4FD38 /* CreateNewsViewController.m in Sources */,
				BBAE1F241A37B68E0008B772 /* ForgotPasswordViewController.m in Sources */,
				BBB79D1C1A5CABF8001A876A /* HomeViewController.m in Sources */,
				BBAE1F291A37B6980008B772 /* CreateAccViewController.m in Sources */,
				BBCF58921A2938B400CE64B4 /* CustomField.m in Sources */,
				BBB2B1331A5F404E00F4FD38 /* DummyViewController.m in Sources */,
				BBBE0C561A6DB37C00EF5124 /* UploadContainerViewController.m in Sources */,
				583572071A2B4B7400F6EA17 /* LoginViewController.m in Sources */,
				BBB2B12E1A5F37E200F4FD38 /* TabBarViewController.m in Sources */,
				5835720B1A2B705100F6EA17 /* BottomNav.m in Sources */,
				BBAE1F2D1A37B71B0008B772 /* BackgroundViewController.m in Sources */,
				BBB6A05B1A44D6B5006F61B3 /* CLTextField.m in Sources */,
				BBB144841A78E66800980BB4 /* UserInfoUploadViewController.m in Sources */,
				58A004FE1A60DBE300E7BA68 /* CountriesViewController.m in Sources */,
				BBCF58A31A29395400CE64B4 /* YourInfo.m in Sources */,
				BBAE1F1D1A37B51F0008B772 /* ColombioServiceCommunicator.m in Sources */,
				583C9EBE1A6357FD00C6131C /* SettingsCollectionView.m in Sources */,
				58ACA0021A4EE6B70076D3D8 /* HeaderView.m in Sources */,
				BBC77C691A6889610069FD9D /* PhotoLibraryViewController.m in Sources */,
				BB6EBE501A75A4BD0066D7D7 /* NewsMediaViewController.m in Sources */,
				BBB7F33A1A6209560014909B /* NewsData.m in Sources */,
				BBAF777B1A50C914004AAAF9 /* ScrollableHeaderView.m in Sources */,
				BBB7F32D1A60A6C20014909B /* ScrollableHeaderContentView.m in Sources */,
				BBD071571A69C79800C3E84E /* LibraryCell.m in Sources */,
				BBB604B71A7EFFB90090F18A /* UploadNewsViewController.m in Sources */,
				BBB33AC61A27D9EE008D0E26 /* AppDelegate.m in Sources */,
				583C9EC21A63654500C6131C /* MediaViewController.m in Sources */,
				5835720E1A2B70C000F6EA17 /* ScrollableHeader.m in Sources */,
				BBB604B21A7AF4310090F18A /* UITextField+XibAttributes.m in Sources */,
				BBCF58ED1A29401700CE64B4 /* Localized.m in Sources */,
				BBCF58A11A29395400CE64B4 /* Reachability.m in Sources */,
				BBB6A0631A48D791006F61B3 /* StartViewController.m in Sources */,
				BBBA31CF1A70772E002ED12A /* ButtonTag.m in Sources */,
				BBB33AC31A27D9EE008D0E26 /* main.m in Sources */,
				582352C21A841E2900A03D19 /* GoogleLoginViewController.m in Sources */,
				583572191A2B72BB00F6EA17 /* Tools.m in Sources */,
				BBB7F3321A60B60E0014909B /* CustomHeaderView.m in Sources */,
				BBCF58DC1A293DD200CE64B4 /* Database.m in Sources */,
				BBCF58911A2938B400CE64B4 /* CountriesCell.m in Sources */,
				BBD453611A64914A0029CADD /* ContainerViewController.m in Sources */,
				BBCF58A01A29395400CE64B4 /* Messages.m in Sources */,
				BBCF589F1A29395400CE64B4 /* CryptoClass.m in Sources */,
				BBB56D451A71BE1F004D3B9A /* CLTextView.m in Sources */,
				BBCF58F51A2AA47F00CE64B4 /* UIView+XibAttributes.m in Sources */,
			);
			runOnlyForDeploymentPostprocessing = 0;
		};
		BBB33AD21A27D9EE008D0E26 /* Sources */ = {
			isa = PBXSourcesBuildPhase;
			buildActionMask = 2147483647;
			files = (
				BBB33ADD1A27D9EE008D0E26 /* ColombioTests.m in Sources */,
			);
			runOnlyForDeploymentPostprocessing = 0;
		};
/* End PBXSourcesBuildPhase section */

/* Begin PBXTargetDependency section */
		BBB33AD81A27D9EE008D0E26 /* PBXTargetDependency */ = {
			isa = PBXTargetDependency;
			target = BBB33ABC1A27D9EE008D0E26 /* Colombio */;
			targetProxy = BBB33AD71A27D9EE008D0E26 /* PBXContainerItemProxy */;
		};
/* End PBXTargetDependency section */

/* Begin PBXVariantGroup section */
		BBCF58E81A293F6700CE64B4 /* Localizable.strings */ = {
			isa = PBXVariantGroup;
			children = (
				BBCF58E91A293F9500CE64B4 /* en */,
				BBCF58EA1A293FB100CE64B4 /* hr */,
			);
			name = Localizable.strings;
			sourceTree = "<group>";
		};
/* End PBXVariantGroup section */

/* Begin XCBuildConfiguration section */
		BBB33ADE1A27D9EE008D0E26 /* Debug */ = {
			isa = XCBuildConfiguration;
			buildSettings = {
				ALWAYS_SEARCH_USER_PATHS = NO;
				CLANG_CXX_LANGUAGE_STANDARD = "gnu++0x";
				CLANG_CXX_LIBRARY = "libc++";
				CLANG_ENABLE_MODULES = YES;
				CLANG_ENABLE_OBJC_ARC = YES;
				CLANG_WARN_BOOL_CONVERSION = YES;
				CLANG_WARN_CONSTANT_CONVERSION = YES;
				CLANG_WARN_DIRECT_OBJC_ISA_USAGE = YES_ERROR;
				CLANG_WARN_EMPTY_BODY = YES;
				CLANG_WARN_ENUM_CONVERSION = YES;
				CLANG_WARN_INT_CONVERSION = YES;
				CLANG_WARN_OBJC_ROOT_CLASS = YES_ERROR;
				CLANG_WARN_UNREACHABLE_CODE = YES;
				CLANG_WARN__DUPLICATE_METHOD_MATCH = YES;
				CODE_SIGN_IDENTITY = "iPhone Distribution: Zvonimir Juranko (9ULYX2KK4N)";
				"CODE_SIGN_IDENTITY[sdk=iphoneos*]" = "iPhone Distribution: Zvonimir Juranko (9ULYX2KK4N)";
				COPY_PHASE_STRIP = NO;
				ENABLE_STRICT_OBJC_MSGSEND = YES;
				GCC_C_LANGUAGE_STANDARD = gnu99;
				GCC_DYNAMIC_NO_PIC = NO;
				GCC_OPTIMIZATION_LEVEL = 0;
				GCC_PREPROCESSOR_DEFINITIONS = (
					"DEBUG=1",
					"$(inherited)",
				);
				GCC_SYMBOLS_PRIVATE_EXTERN = NO;
				GCC_WARN_64_TO_32_BIT_CONVERSION = YES;
				GCC_WARN_ABOUT_RETURN_TYPE = YES_ERROR;
				GCC_WARN_UNDECLARED_SELECTOR = YES;
				GCC_WARN_UNINITIALIZED_AUTOS = YES_AGGRESSIVE;
				GCC_WARN_UNUSED_FUNCTION = YES;
				GCC_WARN_UNUSED_VARIABLE = YES;
				IPHONEOS_DEPLOYMENT_TARGET = 6.1;
				MTL_ENABLE_DEBUG_INFO = YES;
				ONLY_ACTIVE_ARCH = YES;
				SDKROOT = iphoneos;
			};
			name = Debug;
		};
		BBB33ADF1A27D9EE008D0E26 /* Release */ = {
			isa = XCBuildConfiguration;
			buildSettings = {
				ALWAYS_SEARCH_USER_PATHS = NO;
				CLANG_CXX_LANGUAGE_STANDARD = "gnu++0x";
				CLANG_CXX_LIBRARY = "libc++";
				CLANG_ENABLE_MODULES = YES;
				CLANG_ENABLE_OBJC_ARC = YES;
				CLANG_WARN_BOOL_CONVERSION = YES;
				CLANG_WARN_CONSTANT_CONVERSION = YES;
				CLANG_WARN_DIRECT_OBJC_ISA_USAGE = YES_ERROR;
				CLANG_WARN_EMPTY_BODY = YES;
				CLANG_WARN_ENUM_CONVERSION = YES;
				CLANG_WARN_INT_CONVERSION = YES;
				CLANG_WARN_OBJC_ROOT_CLASS = YES_ERROR;
				CLANG_WARN_UNREACHABLE_CODE = YES;
				CLANG_WARN__DUPLICATE_METHOD_MATCH = YES;
				CODE_SIGN_IDENTITY = "iPhone Distribution: Zvonimir Juranko (9ULYX2KK4N)";
				"CODE_SIGN_IDENTITY[sdk=iphoneos*]" = "iPhone Distribution: Zvonimir Juranko (9ULYX2KK4N)";
				COPY_PHASE_STRIP = YES;
				ENABLE_NS_ASSERTIONS = NO;
				ENABLE_STRICT_OBJC_MSGSEND = YES;
				GCC_C_LANGUAGE_STANDARD = gnu99;
				GCC_WARN_64_TO_32_BIT_CONVERSION = YES;
				GCC_WARN_ABOUT_RETURN_TYPE = YES_ERROR;
				GCC_WARN_UNDECLARED_SELECTOR = YES;
				GCC_WARN_UNINITIALIZED_AUTOS = YES_AGGRESSIVE;
				GCC_WARN_UNUSED_FUNCTION = YES;
				GCC_WARN_UNUSED_VARIABLE = YES;
				IPHONEOS_DEPLOYMENT_TARGET = 6.1;
				MTL_ENABLE_DEBUG_INFO = NO;
				SDKROOT = iphoneos;
				VALIDATE_PRODUCT = YES;
			};
			name = Release;
		};
		BBB33AE11A27D9EE008D0E26 /* Debug */ = {
			isa = XCBuildConfiguration;
			buildSettings = {
				ALWAYS_SEARCH_USER_PATHS = YES;
				ASSETCATALOG_COMPILER_APPICON_NAME = AppIcon;
				ASSETCATALOG_COMPILER_LAUNCHIMAGE_NAME = LaunchImage;
				CODE_SIGN_IDENTITY = "iPhone Developer: Zvonimir Juranko (MYSJ6HWKEM)";
				FRAMEWORK_SEARCH_PATHS = (
					"$(inherited)",
					"$(PROJECT_DIR)/**",
					"$(PROJECT_DIR)/Colombio/ExternalFrameworks",
					"$(PROJECT_DIR)",
				);
				GCC_PREFIX_HEADER = "colombio/colombio-Prefix.pch";
				INFOPLIST_FILE = "Colombio/Colombio-Info.plist";
				IPHONEOS_DEPLOYMENT_TARGET = 6.1;
				LD_RUNPATH_SEARCH_PATHS = "$(inherited) @executable_path/Frameworks";
				LIBRARY_SEARCH_PATHS = (
					"$(inherited)",
					"$(PROJECT_DIR)FacebookSDK.framework/Versions/A",
				);
				PRODUCT_NAME = "$(TARGET_NAME)";
				PROVISIONING_PROFILE = "F260053E-ABE2-4130-AD0A-B0B11078B853";
			};
			name = Debug;
		};
		BBB33AE21A27D9EE008D0E26 /* Release */ = {
			isa = XCBuildConfiguration;
			buildSettings = {
				ALWAYS_SEARCH_USER_PATHS = YES;
				ASSETCATALOG_COMPILER_APPICON_NAME = AppIcon;
				ASSETCATALOG_COMPILER_LAUNCHIMAGE_NAME = LaunchImage;
				CODE_SIGN_IDENTITY = "iPhone Developer: Zvonimir Juranko (MYSJ6HWKEM)";
				FRAMEWORK_SEARCH_PATHS = (
					"$(inherited)",
					"$(PROJECT_DIR)/**",
					"$(PROJECT_DIR)/Colombio/ExternalFrameworks",
					"$(PROJECT_DIR)",
				);
				GCC_PREFIX_HEADER = "colombio/colombio-Prefix.pch";
				INFOPLIST_FILE = "Colombio/Colombio-Info.plist";
				IPHONEOS_DEPLOYMENT_TARGET = 6.1;
				LD_RUNPATH_SEARCH_PATHS = "$(inherited) @executable_path/Frameworks";
				LIBRARY_SEARCH_PATHS = (
					"$(inherited)",
					"$(PROJECT_DIR)FacebookSDK.framework/Versions/A",
				);
				PRODUCT_NAME = "$(TARGET_NAME)";
				PROVISIONING_PROFILE = "F260053E-ABE2-4130-AD0A-B0B11078B853";
			};
			name = Release;
		};
		BBB33AE41A27D9EE008D0E26 /* Debug */ = {
			isa = XCBuildConfiguration;
			buildSettings = {
				BUNDLE_LOADER = "$(TEST_HOST)";
				FRAMEWORK_SEARCH_PATHS = (
					"$(SDKROOT)/Developer/Library/Frameworks",
					"$(inherited)",
				);
				GCC_PREPROCESSOR_DEFINITIONS = (
					"DEBUG=1",
					"$(inherited)",
				);
				INFOPLIST_FILE = ColombioTests/Info.plist;
				LD_RUNPATH_SEARCH_PATHS = "$(inherited) @executable_path/Frameworks @loader_path/Frameworks";
				PRODUCT_NAME = "$(TARGET_NAME)";
				TEST_HOST = "$(BUILT_PRODUCTS_DIR)/Colombio.app/Colombio";
			};
			name = Debug;
		};
		BBB33AE51A27D9EE008D0E26 /* Release */ = {
			isa = XCBuildConfiguration;
			buildSettings = {
				BUNDLE_LOADER = "$(TEST_HOST)";
				FRAMEWORK_SEARCH_PATHS = (
					"$(SDKROOT)/Developer/Library/Frameworks",
					"$(inherited)",
				);
				INFOPLIST_FILE = ColombioTests/Info.plist;
				LD_RUNPATH_SEARCH_PATHS = "$(inherited) @executable_path/Frameworks @loader_path/Frameworks";
				PRODUCT_NAME = "$(TARGET_NAME)";
				TEST_HOST = "$(BUILT_PRODUCTS_DIR)/Colombio.app/Colombio";
			};
			name = Release;
		};
/* End XCBuildConfiguration section */

/* Begin XCConfigurationList section */
		BBB33AB81A27D9EE008D0E26 /* Build configuration list for PBXProject "Colombio" */ = {
			isa = XCConfigurationList;
			buildConfigurations = (
				BBB33ADE1A27D9EE008D0E26 /* Debug */,
				BBB33ADF1A27D9EE008D0E26 /* Release */,
			);
			defaultConfigurationIsVisible = 0;
			defaultConfigurationName = Release;
		};
		BBB33AE01A27D9EE008D0E26 /* Build configuration list for PBXNativeTarget "Colombio" */ = {
			isa = XCConfigurationList;
			buildConfigurations = (
				BBB33AE11A27D9EE008D0E26 /* Debug */,
				BBB33AE21A27D9EE008D0E26 /* Release */,
			);
			defaultConfigurationIsVisible = 0;
			defaultConfigurationName = Release;
		};
		BBB33AE31A27D9EE008D0E26 /* Build configuration list for PBXNativeTarget "ColombioTests" */ = {
			isa = XCConfigurationList;
			buildConfigurations = (
				BBB33AE41A27D9EE008D0E26 /* Debug */,
				BBB33AE51A27D9EE008D0E26 /* Release */,
			);
			defaultConfigurationIsVisible = 0;
			defaultConfigurationName = Release;
		};
/* End XCConfigurationList section */
	};
	rootObject = BBB33AB51A27D9EE008D0E26 /* Project object */;
}
